
Microsoft Visual Studio Solution File, Format Version 11.00
# Visual Studio 2010
Project("{FAE04EC0-301F-11D3-BF4B-00C04F79EFBC}") = "GramBoardPro", "DemoStagramPro\GramBoardPro.csproj", "{EAFFB71F-0280-4255-96A8-32F9CD87DA6A}"
EndProject
Project("{FAE04EC0-301F-11D3-BF4B-00C04F79EFBC}") = "BaseLib", "BaseLib\BaseLib.csproj", "{85977246-DE21-44CC-B798-EE7CACEF001F}"
EndProject
Global
	GlobalSection(SolutionConfigurationPlatforms) = preSolution
		Debug|Any CPU = Debug|Any CPU
		Debug|Mixed Platforms = Debug|Mixed Platforms
		Debug|x86 = Debug|x86
		Release|Any CPU = Release|Any CPU
		Release|Mixed Platforms = Release|Mixed Platforms
		Release|x86 = Release|x86
	EndGlobalSection
	GlobalSection(ProjectConfigurationPlatforms) = postSolution
		{EAFFB71F-0280-4255-96A8-32F9CD87DA6A}.Debug|Any CPU.ActiveCfg = Debug|x86
		{EAFFB71F-0280-4255-96A8-32F9CD87DA6A}.Debug|Mixed Platforms.ActiveCfg = Debug|x86
		{EAFFB71F-0280-4255-96A8-32F9CD87DA6A}.Debug|Mixed Platforms.Build.0 = Debug|x86
		{EAFFB71F-0280-4255-96A8-32F9CD87DA6A}.Debug|x86.ActiveCfg = Debug|x86
		{EAFFB71F-0280-4255-96A8-32F9CD87DA6A}.Debug|x86.Build.0 = Debug|x86
		{EAFFB71F-0280-4255-96A8-32F9CD87DA6A}.Release|Any CPU.ActiveCfg = Release|x86
		{EAFFB71F-0280-4255-96A8-32F9CD87DA6A}.Release|Mixed Platforms.ActiveCfg = Release|x86
		{EAFFB71F-0280-4255-96A8-32F9CD87DA6A}.Release|Mixed Platforms.Build.0 = Release|x86
		{EAFFB71F-0280-4255-96A8-32F9CD87DA6A}.Release|x86.ActiveCfg = Release|x86
		{EAFFB71F-0280-4255-96A8-32F9CD87DA6A}.Release|x86.Build.0 = Release|x86
		{85977246-DE21-44CC-B798-EE7CACEF001F}.Debug|Any CPU.ActiveCfg = Debug|Any CPU
		{85977246-DE21-44CC-B798-EE7CACEF001F}.Debug|Any CPU.Build.0 = Debug|Any CPU
		{85977246-DE21-44CC-B798-EE7CACEF001F}.Debug|Mixed Platforms.ActiveCfg = Debug|x86
		{85977246-DE21-44CC-B798-EE7CACEF001F}.Debug|Mixed Platforms.Build.0 = Debug|x86
		{85977246-DE21-44CC-B798-EE7CACEF001F}.Debug|x86.ActiveCfg = Debug|x86
		{85977246-DE21-44CC-B798-EE7CACEF001F}.Debug|x86.Build.0 = Debug|x86
		{85977246-DE21-44CC-B798-EE7CACEF001F}.Release|Any CPU.ActiveCfg = Release|Any CPU
		{85977246-DE21-44CC-B798-EE7CACEF001F}.Release|Any CPU.Build.0 = Release|Any CPU
		{85977246-DE21-44CC-B798-EE7CACEF001F}.Release|Mixed Platforms.ActiveCfg = Release|Any CPU
		{85977246-DE21-44CC-B798-EE7CACEF001F}.Release|Mixed Platforms.Build.0 = Release|Any CPU
		{85977246-DE21-44CC-B798-EE7CACEF001F}.Release|x86.ActiveCfg = Release|Any CPU
	EndGlobalSection
	GlobalSection(SolutionProperties) = preSolution
		HideSolutionNode = FALSE
	EndGlobalSection
EndGlobal
